
Microsoft Visual Studio Solution File, Format Version 12.00
# Visual Studio Version 16
VisualStudioVersion = 16.0.30503.244
MinimumVisualStudioVersion = 10.0.40219.1
Project("{F2A71F9B-5D33-465A-A702-920D77279786}") = "Algorithms", "Algorithms\Algorithms.fsproj", "{05E4AEE0-4C8F-4315-9A1E-067266EEF87A}"
EndProject
Global
	GlobalSection(SolutionConfigurationPlatforms) = preSolution
		Debug|Any CPU = Debug|Any CPU
		Release|Any CPU = Release|Any CPU
	EndGlobalSection
	GlobalSection(ProjectConfigurationPlatforms) = postSolution
		{05E4AEE0-4C8F-4315-9A1E-067266EEF87A}.Debug|Any CPU.ActiveCfg = Debug|Any CPU
		{05E4AEE0-4C8F-4315-9A1E-067266EEF87A}.Debug|Any CPU.Build.0 = Debug|Any CPU
		{05E4AEE0-4C8F-4315-9A1E-067266EEF87A}.Release|Any CPU.ActiveCfg = Release|Any CPU
		{05E4AEE0-4C8F-4315-9A1E-067266EEF87A}.Release|Any CPU.Build.0 = Release|Any CPU
	EndGlobalSection
	GlobalSection(SolutionProperties) = preSolution
		HideSolutionNode = FALSE
	EndGlobalSection
	GlobalSection(ExtensibilityGlobals) = postSolution
		SolutionGuid = {A93F8F74-2A01-4C5F-BACB-9E30FDD87C26}
	EndGlobalSection
EndGlobal
